<?xml version="1.0" encoding="utf-8"?>
<Project ToolsVersion="4.0" xmlns="http://schemas.microsoft.com/developer/msbuild/2003">
  <ItemGroup>
    <Filter Include="win32">
      <UniqueIdentifier>{84a8ebd7-7cf0-47f6-b75e-d441df67da40}</UniqueIdentifier>
    </Filter>
    <Filter Include="resource">
      <UniqueIdentifier>{715254bc-d70b-4ec5-bf29-467dd3ace079}</UniqueIdentifier>
    </Filter>
    <Filter Include="src">
      <UniqueIdentifier>{bb6c862e-70e9-49d9-81b7-3829a6f50471}</UniqueIdentifier>
    </Filter>
    <Filter Include="src\c2xa">
      <UniqueIdentifier>{f47c30d4-d6ab-40cb-881c-a74f3f2f5448}</UniqueIdentifier>
    </Filter>
    <Filter Include="src\c2xa\scene">
      <UniqueIdentifier>{06dc7c5a-d87c-4bf2-9edf-d0abe6bdfc2e}</UniqueIdentifier>
    </Filter>
  </ItemGroup>
  <ItemGroup>
    <ClCompile Include="main.cpp">
      <Filter>win32</Filter>
    </ClCompile>
    <ClCompile Include="..\Classes\c2xa\scene\main_scene.cpp">
      <Filter>src\c2xa\scene</Filter>
    </ClCompile>
    <ClCompile Include="..\Classes\app_delegate.cpp">
      <Filter>src</Filter>
    </ClCompile>
  </ItemGroup>
  <ItemGroup>
    <ClInclude Include="main.h">
      <Filter>win32</Filter>
    </ClInclude>
    <ClInclude Include="..\Classes\c2xa\scene\main_scene.hpp">
      <Filter>src\c2xa\scene</Filter>
    </ClInclude>
    <ClInclude Include="..\Classes\app_delegate.hpp">
      <Filter>src</Filter>
    </ClInclude>
    <ClInclude Include="..\Classes\c2xa\c2xa_config.hpp">
      <Filter>src\c2xa</Filter>
    </ClInclude>
  </ItemGroup>
  <ItemGroup>
    <ResourceCompile Include="game.rc">
      <Filter>resource</Filter>
    </ResourceCompile>
  </ItemGroup>
</Project>