<?xml version="1.0" encoding="utf-8"?>
<Project ToolsVersion="4.0" xmlns="http://schemas.microsoft.com/developer/msbuild/2003">
  <ItemGroup>
    <Filter Include="win32">
      <UniqueIdentifier>{84a8ebd7-7cf0-47f6-b75e-d441df67da40}</UniqueIdentifier>
    </Filter>
    <Filter Include="resource">
      <UniqueIdentifier>{715254bc-d70b-4ec5-bf29-467dd3ace079}</UniqueIdentifier>
    </Filter>
    <Filter Include="src">
      <UniqueIdentifier>{bb6c862e-70e9-49d9-81b7-3829a6f50471}</UniqueIdentifier>
    </Filter>
    <Filter Include="src\c2xa">
      <UniqueIdentifier>{f47c30d4-d6ab-40cb-881c-a74f3f2f5448}</UniqueIdentifier>
    </Filter>
    <Filter Include="src\c2xa\scene">
      <UniqueIdentifier>{06dc7c5a-d87c-4bf2-9edf-d0abe6bdfc2e}</UniqueIdentifier>
    </Filter>
    <Filter Include="src\c2xa\experimental">
      <UniqueIdentifier>{385263fc-bff1-41c1-a50a-9149e692f053}</UniqueIdentifier>
    </Filter>
    <Filter Include="src\c2xa\communication">
      <UniqueIdentifier>{58191651-be87-4b3d-8bfc-9b5625982dc2}</UniqueIdentifier>
    </Filter>
    <Filter Include="src\c2xa\math">
      <UniqueIdentifier>{e21f934c-10a8-48bc-9daf-9ab63f880024}</UniqueIdentifier>
    </Filter>
    <Filter Include="src\c2xa\debug">
      <UniqueIdentifier>{a5aff4e1-bb56-4522-b076-6b5982bb4512}</UniqueIdentifier>
    </Filter>
  </ItemGroup>
  <ItemGroup>
    <ClCompile Include="main.cpp">
      <Filter>win32</Filter>
    </ClCompile>
    <ClCompile Include="..\Classes\c2xa\scene\main_scene.cpp">
      <Filter>src\c2xa\scene</Filter>
    </ClCompile>
    <ClCompile Include="..\Classes\app_delegate.cpp">
      <Filter>src</Filter>
    </ClCompile>
    <ClCompile Include="..\Classes\c2xa\math\fast_fourier_transform.cpp">
      <Filter>src\c2xa\math</Filter>
    </ClCompile>
    <ClCompile Include="..\Classes\c2xa\communication\bluetooth_server.cpp">
      <Filter>src\c2xa\communication</Filter>
    </ClCompile>
    <ClCompile Include="..\Classes\c2xa\communication\windows_socket_api.cpp">
      <Filter>src\c2xa\communication</Filter>
    </ClCompile>
  </ItemGroup>
  <ItemGroup>
    <ClInclude Include="main.h">
      <Filter>win32</Filter>
    </ClInclude>
    <ClInclude Include="..\Classes\app_delegate.hpp">
      <Filter>src</Filter>
    </ClInclude>
    <ClInclude Include="..\Classes\c2xa\experimental\data_analyzer.hpp">
      <Filter>src\c2xa\experimental</Filter>
    </ClInclude>
    <ClInclude Include="..\Classes\c2xa\math\fast_fourier_transform.hpp">
      <Filter>src\c2xa\math</Filter>
    </ClInclude>
    <ClInclude Include="..\Classes\c2xa\communication\parse.hpp">
      <Filter>src\c2xa\communication</Filter>
    </ClInclude>
    <ClInclude Include="..\Classes\c2xa\communication\data.hpp">
      <Filter>src\c2xa\communication</Filter>
    </ClInclude>
    <ClInclude Include="..\Classes\c2xa\debug\sample_viewer.hpp">
      <Filter>src\c2xa\debug</Filter>
    </ClInclude>
    <ClInclude Include="..\Classes\c2xa\config.hpp">
      <Filter>src\c2xa</Filter>
    </ClInclude>
    <ClInclude Include="..\Classes\c2xa\exception.hpp">
      <Filter>src\c2xa</Filter>
    </ClInclude>
    <ClInclude Include="..\Classes\c2xa\optional.hpp">
      <Filter>src\c2xa</Filter>
    </ClInclude>
    <ClInclude Include="..\Classes\c2xa\communication\bluetooth_server.hpp">
      <Filter>src\c2xa\communication</Filter>
    </ClInclude>
    <ClInclude Include="..\Classes\c2xa\communication\windows_socket_api.hpp">
      <Filter>src\c2xa\communication</Filter>
    </ClInclude>
    <ClInclude Include="..\Classes\c2xa\math\sample.hpp">
      <Filter>src\c2xa\math</Filter>
    </ClInclude>
    <ClInclude Include="..\Classes\c2xa\scene\main_scene.hpp">
      <Filter>src\c2xa\scene</Filter>
    </ClInclude>
  </ItemGroup>
  <ItemGroup>
    <ResourceCompile Include="game.rc">
      <Filter>resource</Filter>
    </ResourceCompile>
  </ItemGroup>
  <ItemGroup>
    <None Include="..\Resources\data\sensor.csv">
      <Filter>resource</Filter>
    </None>
  </ItemGroup>
</Project>